
Microsoft Visual Studio Solution File, Format Version 12.00
# Visual Studio Version 17
VisualStudioVersion = 17.9.34723.18
MinimumVisualStudioVersion = 10.0.40219.1
Project("{FAE04EC0-301F-11D3-BF4B-00C04F79EFBC}") = "Supermarket-mvp", "Supermarket-mvp.csproj", "{D1CDB8F5-B21F-4322-8134-DCE192E62E7A}"
EndProject
Global
	GlobalSection(SolutionConfigurationPlatforms) = preSolution
		Debug|Any CPU = Debug|Any CPU
		Release|Any CPU = Release|Any CPU
	EndGlobalSection
	GlobalSection(ProjectConfigurationPlatforms) = postSolution
		{D1CDB8F5-B21F-4322-8134-DCE192E62E7A}.Debug|Any CPU.ActiveCfg = Debug|Any CPU
		{D1CDB8F5-B21F-4322-8134-DCE192E62E7A}.Debug|Any CPU.Build.0 = Debug|Any CPU
		{D1CDB8F5-B21F-4322-8134-DCE192E62E7A}.Release|Any CPU.ActiveCfg = Release|Any CPU
		{D1CDB8F5-B21F-4322-8134-DCE192E62E7A}.Release|Any CPU.Build.0 = Release|Any CPU
	EndGlobalSection
	GlobalSection(SolutionProperties) = preSolution
		HideSolutionNode = FALSE
	EndGlobalSection
	GlobalSection(ExtensibilityGlobals) = postSolution
		SolutionGuid = {BEE968D7-1303-4E94-8482-24467B626F16}
	EndGlobalSection
EndGlobal
